// !$*UTF8*$!
{
	archiveVersion = 1;
	classes = {
	};
	objectVersion = 46;
	objects = {

/* Begin PBXBuildFile section */
		9B1074E91D090ABE005632A7 /* AppDelegate.swift in Sources */ = {isa = PBXBuildFile; fileRef = 9B1074E81D090ABE005632A7 /* AppDelegate.swift */; };
		9B1074EB1D090ABE005632A7 /* ViewController.swift in Sources */ = {isa = PBXBuildFile; fileRef = 9B1074EA1D090ABE005632A7 /* ViewController.swift */; };
		9B1074EE1D090ABE005632A7 /* Main.storyboard in Resources */ = {isa = PBXBuildFile; fileRef = 9B1074EC1D090ABE005632A7 /* Main.storyboard */; };
		9B1074F01D090ABE005632A7 /* Assets.xcassets in Resources */ = {isa = PBXBuildFile; fileRef = 9B1074EF1D090ABE005632A7 /* Assets.xcassets */; };
		9B1074F31D090ABE005632A7 /* LaunchScreen.storyboard in Resources */ = {isa = PBXBuildFile; fileRef = 9B1074F11D090ABE005632A7 /* LaunchScreen.storyboard */; };
		9B1074FE1D090ABE005632A7 /* CoolHudTests.swift in Sources */ = {isa = PBXBuildFile; fileRef = 9B1074FD1D090ABE005632A7 /* CoolHudTests.swift */; };
		9B1075091D090ABE005632A7 /* CoolHudUITests.swift in Sources */ = {isa = PBXBuildFile; fileRef = 9B1075081D090ABE005632A7 /* CoolHudUITests.swift */; };
/* End PBXBuildFile section */

/* Begin PBXContainerItemProxy section */
		9B1074FA1D090ABE005632A7 /* PBXContainerItemProxy */ = {
			isa = PBXContainerItemProxy;
			containerPortal = 9B1074DD1D090ABE005632A7 /* Project object */;
			proxyType = 1;
			remoteGlobalIDString = 9B1074E41D090ABE005632A7;
			remoteInfo = CoolHud;
		};
		9B1075051D090ABE005632A7 /* PBXContainerItemProxy */ = {
			isa = PBXContainerItemProxy;
			containerPortal = 9B1074DD1D090ABE005632A7 /* Project object */;
			proxyType = 1;
			remoteGlobalIDString = 9B1074E41D090ABE005632A7;
			remoteInfo = CoolHud;
		};
/* End PBXContainerItemProxy section */

/* Begin PBXFileReference section */
		9B1074E51D090ABE005632A7 /* CoolHud.app */ = {isa = PBXFileReference; explicitFileType = wrapper.application; includeInIndex = 0; path = CoolHud.app; sourceTree = BUILT_PRODUCTS_DIR; };
		9B1074E81D090ABE005632A7 /* AppDelegate.swift */ = {isa = PBXFileReference; lastKnownFileType = sourcecode.swift; path = AppDelegate.swift; sourceTree = "<group>"; };
		9B1074EA1D090ABE005632A7 /* ViewController.swift */ = {isa = PBXFileReference; lastKnownFileType = sourcecode.swift; path = ViewController.swift; sourceTree = "<group>"; };
		9B1074ED1D090ABE005632A7 /* Base */ = {isa = PBXFileReference; lastKnownFileType = file.storyboard; name = Base; path = Base.lproj/Main.storyboard; sourceTree = "<group>"; };
		9B1074EF1D090ABE005632A7 /* Assets.xcassets */ = {isa = PBXFileReference; lastKnownFileType = folder.assetcatalog; path = Assets.xcassets; sourceTree = "<group>"; };
		9B1074F21D090ABE005632A7 /* Base */ = {isa = PBXFileReference; lastKnownFileType = file.storyboard; name = Base; path = Base.lproj/LaunchScreen.storyboard; sourceTree = "<group>"; };
		9B1074F41D090ABE005632A7 /* Info.plist */ = {isa = PBXFileReference; lastKnownFileType = text.plist.xml; path = Info.plist; sourceTree = "<group>"; };
		9B1074F91D090ABE005632A7 /* CoolHudTests.xctest */ = {isa = PBXFileReference; explicitFileType = wrapper.cfbundle; includeInIndex = 0; path = CoolHudTests.xctest; sourceTree = BUILT_PRODUCTS_DIR; };
		9B1074FD1D090ABE005632A7 /* CoolHudTests.swift */ = {isa = PBXFileReference; lastKnownFileType = sourcecode.swift; path = CoolHudTests.swift; sourceTree = "<group>"; };
		9B1074FF1D090ABE005632A7 /* Info.plist */ = {isa = PBXFileReference; lastKnownFileType = text.plist.xml; path = Info.plist; sourceTree = "<group>"; };
		9B1075041D090ABE005632A7 /* CoolHudUITests.xctest */ = {isa = PBXFileReference; explicitFileType = wrapper.cfbundle; includeInIndex = 0; path = CoolHudUITests.xctest; sourceTree = BUILT_PRODUCTS_DIR; };
		9B1075081D090ABE005632A7 /* CoolHudUITests.swift */ = {isa = PBXFileReference; lastKnownFileType = sourcecode.swift; path = CoolHudUITests.swift; sourceTree = "<group>"; };
		9B10750A1D090ABE005632A7 /* Info.plist */ = {isa = PBXFileReference; lastKnownFileType = text.plist.xml; path = Info.plist; sourceTree = "<group>"; };
/* End PBXFileReference section */

/* Begin PBXFrameworksBuildPhase section */
		9B1074E21D090ABE005632A7 /* Frameworks */ = {
			isa = PBXFrameworksBuildPhase;
			buildActionMask = 2147483647;
			files = (
			);
			runOnlyForDeploymentPostprocessing = 0;
		};
		9B1074F61D090ABE005632A7 /* Frameworks */ = {
			isa = PBXFrameworksBuildPhase;
			buildActionMask = 2147483647;
			files = (
			);
			runOnlyForDeploymentPostprocessing = 0;
		};
		9B1075011D090ABE005632A7 /* Frameworks */ = {
			isa = PBXFrameworksBuildPhase;
			buildActionMask = 2147483647;
			files = (
			);
			runOnlyForDeploymentPostprocessing = 0;
		};
/* End PBXFrameworksBuildPhase section */

/* Begin PBXGroup section */
		9B1074DC1D090ABE005632A7 = {
			isa = PBXGroup;
			children = (
				9B1074E71D090ABE005632A7 /* CoolHud */,
				9B1074FC1D090ABE005632A7 /* CoolHudTests */,
				9B1075071D090ABE005632A7 /* CoolHudUITests */,
				9B1074E61D090ABE005632A7 /* Products */,
			);
			sourceTree = "<group>";
		};
		9B1074E61D090ABE005632A7 /* Products */ = {
			isa = PBXGroup;
			children = (
				9B1074E51D090ABE005632A7 /* CoolHud.app */,
				9B1074F91D090ABE005632A7 /* CoolHudTests.xctest */,
				9B1075041D090ABE005632A7 /* CoolHudUITests.xctest */,
			);
			name = Products;
			sourceTree = "<group>";
		};
		9B1074E71D090ABE005632A7 /* CoolHud */ = {
			isa = PBXGroup;
			children = (
				9B1074E81D090ABE005632A7 /* AppDelegate.swift */,
				9B1074EA1D090ABE005632A7 /* ViewController.swift */,
				9B1074EC1D090ABE005632A7 /* Main.storyboard */,
				9B1074EF1D090ABE005632A7 /* Assets.xcassets */,
				9B1074F11D090ABE005632A7 /* LaunchScreen.storyboard */,
				9B1074F41D090ABE005632A7 /* Info.plist */,
			);
			path = CoolHud;
			sourceTree = "<group>";
		};
		9B1074FC1D090ABE005632A7 /* CoolHudTests */ = {
			isa = PBXGroup;
			children = (
				9B1074FD1D090ABE005632A7 /* CoolHudTests.swift */,
				9B1074FF1D090ABE005632A7 /* Info.plist */,
			);
			path = CoolHudTests;
			sourceTree = "<group>";
		};
		9B1075071D090ABE005632A7 /* CoolHudUITests */ = {
			isa = PBXGroup;
			children = (
				9B1075081D090ABE005632A7 /* CoolHudUITests.swift */,
				9B10750A1D090ABE005632A7 /* Info.plist */,
			);
			path = CoolHudUITests;
			sourceTree = "<group>";
		};
/* End PBXGroup section */

/* Begin PBXNativeTarget section */
		9B1074E41D090ABE005632A7 /* CoolHud */ = {
			isa = PBXNativeTarget;
			buildConfigurationList = 9B10750D1D090ABE005632A7 /* Build configuration list for PBXNativeTarget "CoolHud" */;
			buildPhases = (
				9B1074E11D090ABE005632A7 /* Sources */,
				9B1074E21D090ABE005632A7 /* Frameworks */,
				9B1074E31D090ABE005632A7 /* Resources */,
			);
			buildRules = (
			);
			dependencies = (
			);
			name = CoolHud;
			productName = CoolHud;
			productReference = 9B1074E51D090ABE005632A7 /* CoolHud.app */;
			productType = "com.apple.product-type.application";
		};
		9B1074F81D090ABE005632A7 /* CoolHudTests */ = {
			isa = PBXNativeTarget;
			buildConfigurationList = 9B1075101D090ABE005632A7 /* Build configuration list for PBXNativeTarget "CoolHudTests" */;
			buildPhases = (
				9B1074F51D090ABE005632A7 /* Sources */,
				9B1074F61D090ABE005632A7 /* Frameworks */,
				9B1074F71D090ABE005632A7 /* Resources */,
			);
			buildRules = (
			);
			dependencies = (
				9B1074FB1D090ABE005632A7 /* PBXTargetDependency */,
			);
			name = CoolHudTests;
			productName = CoolHudTests;
			productReference = 9B1074F91D090ABE005632A7 /* CoolHudTests.xctest */;
			productType = "com.apple.product-type.bundle.unit-test";
		};
		9B1075031D090ABE005632A7 /* CoolHudUITests */ = {
			isa = PBXNativeTarget;
			buildConfigurationList = 9B1075131D090ABE005632A7 /* Build configuration list for PBXNativeTarget "CoolHudUITests" */;
			buildPhases = (
				9B1075001D090ABE005632A7 /* Sources */,
				9B1075011D090ABE005632A7 /* Frameworks */,
				9B1075021D090ABE005632A7 /* Resources */,
			);
			buildRules = (
			);
			dependencies = (
				9B1075061D090ABE005632A7 /* PBXTargetDependency */,
			);
			name = CoolHudUITests;
			productName = CoolHudUITests;
			productReference = 9B1075041D090ABE005632A7 /* CoolHudUITests.xctest */;
			productType = "com.apple.product-type.bundle.ui-testing";
		};
/* End PBXNativeTarget section */

/* Begin PBXProject section */
		9B1074DD1D090ABE005632A7 /* Project object */ = {
			isa = PBXProject;
			attributes = {
				LastSwiftUpdateCheck = 0730;
				LastUpgradeCheck = 0730;
				ORGANIZATIONNAME = sonhud;
				TargetAttributes = {
					9B1074E41D090ABE005632A7 = {
						CreatedOnToolsVersion = 7.3.1;
					};
					9B1074F81D090ABE005632A7 = {
						CreatedOnToolsVersion = 7.3.1;
						TestTargetID = 9B1074E41D090ABE005632A7;
					};
					9B1075031D090ABE005632A7 = {
						CreatedOnToolsVersion = 7.3.1;
						TestTargetID = 9B1074E41D090ABE005632A7;
					};
				};
			};
			buildConfigurationList = 9B1074E01D090ABE005632A7 /* Build configuration list for PBXProject "CoolHud" */;
			compatibilityVersion = "Xcode 3.2";
			developmentRegion = English;
			hasScannedForEncodings = 0;
			knownRegions = (
				en,
				Base,
			);
			mainGroup = 9B1074DC1D090ABE005632A7;
			productRefGroup = 9B1074E61D090ABE005632A7 /* Products */;
			projectDirPath = "";
			projectRoot = "";
			targets = (
				9B1074E41D090ABE005632A7 /* CoolHud */,
				9B1074F81D090ABE005632A7 /* CoolHudTests */,
				9B1075031D090ABE005632A7 /* CoolHudUITests */,
			);
		};
/* End PBXProject section */

/* Begin PBXResourcesBuildPhase section */
		9B1074E31D090ABE005632A7 /* Resources */ = {
			isa = PBXResourcesBuildPhase;
			buildActionMask = 2147483647;
			files = (
				9B1074F31D090ABE005632A7 /* LaunchScreen.storyboard in Resources */,
				9B1074F01D090ABE005632A7 /* Assets.xcassets in Resources */,
				9B1074EE1D090ABE005632A7 /* Main.storyboard in Resources */,
			);
			runOnlyForDeploymentPostprocessing = 0;
		};
		9B1074F71D090ABE005632A7 /* Resources */ = {
			isa = PBXResourcesBuildPhase;
			buildActionMask = 2147483647;
			files = (
			);
			runOnlyForDeploymentPostprocessing = 0;
		};
		9B1075021D090ABE005632A7 /* Resources */ = {
			isa = PBXResourcesBuildPhase;
			buildActionMask = 2147483647;
			files = (
			);
			runOnlyForDeploymentPostprocessing = 0;
		};
/* End PBXResourcesBuildPhase section */

/* Begin PBXSourcesBuildPhase section */
		9B1074E11D090ABE005632A7 /* Sources */ = {
			isa = PBXSourcesBuildPhase;
			buildActionMask = 2147483647;
			files = (
				9B1074EB1D090ABE005632A7 /* ViewController.swift in Sources */,
				9B1074E91D090ABE005632A7 /* AppDelegate.swift in Sources */,
			);
			runOnlyForDeploymentPostprocessing = 0;
		};
		9B1074F51D090ABE005632A7 /* Sources */ = {
			isa = PBXSourcesBuildPhase;
			buildActionMask = 2147483647;
			files = (
				9B1074FE1D090ABE005632A7 /* CoolHudTests.swift in Sources */,
			);
			runOnlyForDeploymentPostprocessing = 0;
		};
		9B1075001D090ABE005632A7 /* Sources */ = {
			isa = PBXSourcesBuildPhase;
			buildActionMask = 2147483647;
			files = (
				9B1075091D090ABE005632A7 /* CoolHudUITests.swift in Sources */,
			);
			runOnlyForDeploymentPostprocessing = 0;
		};
/* End PBXSourcesBuildPhase section */

/* Begin PBXTargetDependency section */
		9B1074FB1D090ABE005632A7 /* PBXTargetDependency */ = {
			isa = PBXTargetDependency;
			target = 9B1074E41D090ABE005632A7 /* CoolHud */;
			targetProxy = 9B1074FA1D090ABE005632A7 /* PBXContainerItemProxy */;
		};
		9B1075061D090ABE005632A7 /* PBXTargetDependency */ = {
			isa = PBXTargetDependency;
			target = 9B1074E41D090ABE005632A7 /* CoolHud */;
			targetProxy = 9B1075051D090ABE005632A7 /* PBXContainerItemProxy */;
		};
/* End PBXTargetDependency section */

/* Begin PBXVariantGroup section */
		9B1074EC1D090ABE005632A7 /* Main.storyboard */ = {
			isa = PBXVariantGroup;
			children = (
				9B1074ED1D090ABE005632A7 /* Base */,
			);
			name = Main.storyboard;
			sourceTree = "<group>";
		};
		9B1074F11D090ABE005632A7 /* LaunchScreen.storyboard */ = {
			isa = PBXVariantGroup;
			children = (
				9B1074F21D090ABE005632A7 /* Base */,
			);
			name = LaunchScreen.storyboard;
			sourceTree = "<group>";
		};
/* End PBXVariantGroup section */

/* Begin XCBuildConfiguration section */
		9B10750B1D090ABE005632A7 /* Debug */ = {
			isa = XCBuildConfiguration;
			buildSettings = {
				ALWAYS_SEARCH_USER_PATHS = NO;
				CLANG_ANALYZER_NONNULL = YES;
				CLANG_CXX_LANGUAGE_STANDARD = "gnu++0x";
				CLANG_CXX_LIBRARY = "libc++";
				CLANG_ENABLE_MODULES = YES;
				CLANG_ENABLE_OBJC_ARC = YES;
				CLANG_WARN_BOOL_CONVERSION = YES;
				CLANG_WARN_CONSTANT_CONVERSION = YES;
				CLANG_WARN_DIRECT_OBJC_ISA_USAGE = YES_ERROR;
				CLANG_WARN_EMPTY_BODY = YES;
				CLANG_WARN_ENUM_CONVERSION = YES;
				CLANG_WARN_INT_CONVERSION = YES;
				CLANG_WARN_OBJC_ROOT_CLASS = YES_ERROR;
				CLANG_WARN_UNREACHABLE_CODE = YES;
				CLANG_WARN__DUPLICATE_METHOD_MATCH = YES;
				"CODE_SIGN_IDENTITY[sdk=iphoneos*]" = "iPhone Developer";
				COPY_PHASE_STRIP = NO;
				DEBUG_INFORMATION_FORMAT = dwarf;
				ENABLE_STRICT_OBJC_MSGSEND = YES;
				ENABLE_TESTABILITY = YES;
				GCC_C_LANGUAGE_STANDARD = gnu99;
				GCC_DYNAMIC_NO_PIC = NO;
				GCC_NO_COMMON_BLOCKS = YES;
				GCC_OPTIMIZATION_LEVEL = 0;
				GCC_PREPROCESSOR_DEFINITIONS = (
					"DEBUG=1",
					"$(inherited)",
				);
				GCC_WARN_64_TO_32_BIT_CONVERSION = YES;
				GCC_WARN_ABOUT_RETURN_TYPE = YES_ERROR;
				GCC_WARN_UNDECLARED_SELECTOR = YES;
				GCC_WARN_UNINITIALIZED_AUTOS = YES_AGGRESSIVE;
				GCC_WARN_UNUSED_FUNCTION = YES;
				GCC_WARN_UNUSED_VARIABLE = YES;
				IPHONEOS_DEPLOYMENT_TARGET = 9.3;
				MTL_ENABLE_DEBUG_INFO = YES;
				ONLY_ACTIVE_ARCH = YES;
				SDKROOT = iphoneos;
				SWIFT_OPTIMIZATION_LEVEL = "-Onone";
			};
			name = Debug;
		};
		9B10750C1D090ABE005632A7 /* Release */ = {
			isa = XCBuildConfiguration;
			buildSettings = {
				ALWAYS_SEARCH_USER_PATHS = NO;
				CLANG_ANALYZER_NONNULL = YES;
				CLANG_CXX_LANGUAGE_STANDARD = "gnu++0x";
				CLANG_CXX_LIBRARY = "libc++";
				CLANG_ENABLE_MODULES = YES;
				CLANG_ENABLE_OBJC_ARC = YES;
				CLANG_WARN_BOOL_CONVERSION = YES;
				CLANG_WARN_CONSTANT_CONVERSION = YES;
				CLANG_WARN_DIRECT_OBJC_ISA_USAGE = YES_ERROR;
				CLANG_WARN_EMPTY_BODY = YES;
				CLANG_WARN_ENUM_CONVERSION = YES;
				CLANG_WARN_INT_CONVERSION = YES;
				CLANG_WARN_OBJC_ROOT_CLASS = YES_ERROR;
				CLANG_WARN_UNREACHABLE_CODE = YES;
				CLANG_WARN__DUPLICATE_METHOD_MATCH = YES;
				"CODE_SIGN_IDENTITY[sdk=iphoneos*]" = "iPhone Developer";
				COPY_PHASE_STRIP = NO;
				DEBUG_INFORMATION_FORMAT = "dwarf-with-dsym";
				ENABLE_NS_ASSERTIONS = NO;
				ENABLE_STRICT_OBJC_MSGSEND = YES;
				GCC_C_LANGUAGE_STANDARD = gnu99;
				GCC_NO_COMMON_BLOCKS = YES;
				GCC_WARN_64_TO_32_BIT_CONVERSION = YES;
				GCC_WARN_ABOUT_RETURN_TYPE = YES_ERROR;
				GCC_WARN_UNDECLARED_SELECTOR = YES;
				GCC_WARN_UNINITIALIZED_AUTOS = YES_AGGRESSIVE;
				GCC_WARN_UNUSED_FUNCTION = YES;
				GCC_WARN_UNUSED_VARIABLE = YES;
				IPHONEOS_DEPLOYMENT_TARGET = 9.3;
				MTL_ENABLE_DEBUG_INFO = NO;
				SDKROOT = iphoneos;
				VALIDATE_PRODUCT = YES;
			};
			name = Release;
		};
		9B10750E1D090ABE005632A7 /* Debug */ = {
			isa = XCBuildConfiguration;
			buildSettings = {
				ASSETCATALOG_COMPILER_APPICON_NAME = AppIcon;
				INFOPLIST_FILE = CoolHud/Info.plist;
				LD_RUNPATH_SEARCH_PATHS = "$(inherited) @executable_path/Frameworks";
				PRODUCT_BUNDLE_IDENTIFIER = com.hudcorp.CoolHud;
				PRODUCT_NAME = "$(TARGET_NAME)";
			};
			name = Debug;
		};
		9B10750F1D090ABE005632A7 /* Release */ = {
			isa = XCBuildConfiguration;
			buildSettings = {
				ASSETCATALOG_COMPILER_APPICON_NAME = AppIcon;
				INFOPLIST_FILE = CoolHud/Info.plist;
				LD_RUNPATH_SEARCH_PATHS = "$(inherited) @executable_path/Frameworks";
				PRODUCT_BUNDLE_IDENTIFIER = com.hudcorp.CoolHud;
				PRODUCT_NAME = "$(TARGET_NAME)";
			};
			name = Release;
		};
		9B1075111D090ABE005632A7 /* Debug */ = {
			isa = XCBuildConfiguration;
			buildSettings = {
				BUNDLE_LOADER = "$(TEST_HOST)";
				INFOPLIST_FILE = CoolHudTests/Info.plist;
				LD_RUNPATH_SEARCH_PATHS = "$(inherited) @executable_path/Frameworks @loader_path/Frameworks";
				PRODUCT_BUNDLE_IDENTIFIER = com.hudcorp.CoolHudTests;
				PRODUCT_NAME = "$(TARGET_NAME)";
				TEST_HOST = "$(BUILT_PRODUCTS_DIR)/CoolHud.app/CoolHud";
			};
			name = Debug;
		};
		9B1075121D090ABE005632A7 /* Release */ = {
			isa = XCBuildConfiguration;
			buildSettings = {
				BUNDLE_LOADER = "$(TEST_HOST)";
				INFOPLIST_FILE = CoolHudTests/Info.plist;
				LD_RUNPATH_SEARCH_PATHS = "$(inherited) @executable_path/Frameworks @loader_path/Frameworks";
				PRODUCT_BUNDLE_IDENTIFIER = com.hudcorp.CoolHudTests;
				PRODUCT_NAME = "$(TARGET_NAME)";
				TEST_HOST = "$(BUILT_PRODUCTS_DIR)/CoolHud.app/CoolHud";
			};
			name = Release;
		};
		9B1075141D090ABE005632A7 /* Debug */ = {
			isa = XCBuildConfiguration;
			buildSettings = {
				INFOPLIST_FILE = CoolHudUITests/Info.plist;
				LD_RUNPATH_SEARCH_PATHS = "$(inherited) @executable_path/Frameworks @loader_path/Frameworks";
				PRODUCT_BUNDLE_IDENTIFIER = com.hudcorp.CoolHudUITests;
				PRODUCT_NAME = "$(TARGET_NAME)";
				TEST_TARGET_NAME = CoolHud;
			};
			name = Debug;
		};
		9B1075151D090ABE005632A7 /* Release */ = {
			isa = XCBuildConfiguration;
			buildSettings = {
				INFOPLIST_FILE = CoolHudUITests/Info.plist;
				LD_RUNPATH_SEARCH_PATHS = "$(inherited) @executable_path/Frameworks @loader_path/Frameworks";
				PRODUCT_BUNDLE_IDENTIFIER = com.hudcorp.CoolHudUITests;
				PRODUCT_NAME = "$(TARGET_NAME)";
				TEST_TARGET_NAME = CoolHud;
			};
			name = Release;
		};
/* End XCBuildConfiguration section */

/* Begin XCConfigurationList section */
		9B1074E01D090ABE005632A7 /* Build configuration list for PBXProject "CoolHud" */ = {
			isa = XCConfigurationList;
			buildConfigurations = (
				9B10750B1D090ABE005632A7 /* Debug */,
				9B10750C1D090ABE005632A7 /* Release */,
			);
			defaultConfigurationIsVisible = 0;
			defaultConfigurationName = Release;
		};
		9B10750D1D090ABE005632A7 /* Build configuration list for PBXNativeTarget "CoolHud" */ = {
			isa = XCConfigurationList;
			buildConfigurations = (
				9B10750E1D090ABE005632A7 /* Debug */,
				9B10750F1D090ABE005632A7 /* Release */,
			);
			defaultConfigurationIsVisible = 0;
		};
		9B1075101D090ABE005632A7 /* Build configuration list for PBXNativeTarget "CoolHudTests" */ = {
			isa = XCConfigurationList;
			buildConfigurations = (
				9B1075111D090ABE005632A7 /* Debug */,
				9B1075121D090ABE005632A7 /* Release */,
			);
			defaultConfigurationIsVisible = 0;
		};
		9B1075131D090ABE005632A7 /* Build configuration list for PBXNativeTarget "CoolHudUITests" */ = {
			isa = XCConfigurationList;
			buildConfigurations = (
				9B1075141D090ABE005632A7 /* Debug */,
				9B1075151D090ABE005632A7 /* Release */,
			);
			defaultConfigurationIsVisible = 0;
		};
/* End XCConfigurationList section */
	};
	rootObject = 9B1074DD1D090ABE005632A7 /* Project object */;
}
